
Microsoft Visual Studio Solution File, Format Version 12.00
# Visual Studio Version 17
VisualStudioVersion = 17.2.32526.322
MinimumVisualStudioVersion = 10.0.40219.1
Project("{FAE04EC0-301F-11D3-BF4B-00C04F79EFBC}") = "TpNro10", "TpNro10\TpNro10.csproj", "{6620C146-09E4-450A-B5D1-EB7B546B4F29}"
EndProject
Global
	GlobalSection(SolutionConfigurationPlatforms) = preSolution
		Debug|Any CPU = Debug|Any CPU
		Release|Any CPU = Release|Any CPU
	EndGlobalSection
	GlobalSection(ProjectConfigurationPlatforms) = postSolution
		{6620C146-09E4-450A-B5D1-EB7B546B4F29}.Debug|Any CPU.ActiveCfg = Debug|Any CPU
		{6620C146-09E4-450A-B5D1-EB7B546B4F29}.Debug|Any CPU.Build.0 = Debug|Any CPU
		{6620C146-09E4-450A-B5D1-EB7B546B4F29}.Release|Any CPU.ActiveCfg = Release|Any CPU
		{6620C146-09E4-450A-B5D1-EB7B546B4F29}.Release|Any CPU.Build.0 = Release|Any CPU
	EndGlobalSection
	GlobalSection(SolutionProperties) = preSolution
		HideSolutionNode = FALSE
	EndGlobalSection
	GlobalSection(ExtensibilityGlobals) = postSolution
		SolutionGuid = {7FB53072-8E18-496B-AFEB-0706E56CC86C}
	EndGlobalSection
EndGlobal
